
Microsoft Visual Studio Solution File, Format Version 12.00
Project("{FAE04EC0-301F-11D3-BF4B-00C04F79EFBC}") = "TestWeb", "TestWeb\TestWeb.csproj", "{B101870A-0217-43B5-99C8-96297121A47F}"
EndProject
Global
	GlobalSection(SolutionConfigurationPlatforms) = preSolution
		Debug|Any CPU = Debug|Any CPU
		Release|Any CPU = Release|Any CPU
	EndGlobalSection
	GlobalSection(ProjectConfigurationPlatforms) = postSolution
		{B101870A-0217-43B5-99C8-96297121A47F}.Debug|Any CPU.ActiveCfg = Debug|Any CPU
		{B101870A-0217-43B5-99C8-96297121A47F}.Debug|Any CPU.Build.0 = Debug|Any CPU
		{B101870A-0217-43B5-99C8-96297121A47F}.Release|Any CPU.ActiveCfg = Release|Any CPU
		{B101870A-0217-43B5-99C8-96297121A47F}.Release|Any CPU.Build.0 = Release|Any CPU
	EndGlobalSection
EndGlobal
